
Microsoft Visual Studio Solution File, Format Version 12.00
# Visual Studio Version 17
VisualStudioVersion = 17.6.33801.468
MinimumVisualStudioVersion = 10.0.40219.1
Project("{FAE04EC0-301F-11D3-BF4B-00C04F79EFBC}") = "DotNet_Class", "DotNet_Class\DotNet_Class.csproj", "{EA892D0C-831F-443C-96FB-F1A40041AF3F}"
EndProject
Global
	GlobalSection(SolutionConfigurationPlatforms) = preSolution
		Debug|Any CPU = Debug|Any CPU
		Release|Any CPU = Release|Any CPU
	EndGlobalSection
	GlobalSection(ProjectConfigurationPlatforms) = postSolution
		{EA892D0C-831F-443C-96FB-F1A40041AF3F}.Debug|Any CPU.ActiveCfg = Debug|Any CPU
		{EA892D0C-831F-443C-96FB-F1A40041AF3F}.Debug|Any CPU.Build.0 = Debug|Any CPU
		{EA892D0C-831F-443C-96FB-F1A40041AF3F}.Release|Any CPU.ActiveCfg = Release|Any CPU
		{EA892D0C-831F-443C-96FB-F1A40041AF3F}.Release|Any CPU.Build.0 = Release|Any CPU
	EndGlobalSection
	GlobalSection(SolutionProperties) = preSolution
		HideSolutionNode = FALSE
	EndGlobalSection
	GlobalSection(ExtensibilityGlobals) = postSolution
		SolutionGuid = {E56C8018-4728-401D-B971-36F122932505}
	EndGlobalSection
EndGlobal
